
Microsoft Visual Studio Solution File, Format Version 12.00
# Visual Studio Version 16
VisualStudioVersion = 16.0.30309.148
MinimumVisualStudioVersion = 10.0.40219.1
Project("{FAE04EC0-301F-11D3-BF4B-00C04F79EFBC}") = "AiClient", "AiClient\AiClient.csproj", "{7C04E104-CAF1-458C-B982-8392F2A83D4D}"
EndProject
Global
	GlobalSection(SolutionConfigurationPlatforms) = preSolution
		Debug|Any CPU = Debug|Any CPU
		Release|Any CPU = Release|Any CPU
	EndGlobalSection
	GlobalSection(ProjectConfigurationPlatforms) = postSolution
		{7C04E104-CAF1-458C-B982-8392F2A83D4D}.Debug|Any CPU.ActiveCfg = Debug|Any CPU
		{7C04E104-CAF1-458C-B982-8392F2A83D4D}.Debug|Any CPU.Build.0 = Debug|Any CPU
		{7C04E104-CAF1-458C-B982-8392F2A83D4D}.Release|Any CPU.ActiveCfg = Release|Any CPU
		{7C04E104-CAF1-458C-B982-8392F2A83D4D}.Release|Any CPU.Build.0 = Release|Any CPU
	EndGlobalSection
	GlobalSection(SolutionProperties) = preSolution
		HideSolutionNode = FALSE
	EndGlobalSection
	GlobalSection(ExtensibilityGlobals) = postSolution
		SolutionGuid = {6DC10DFF-86A8-4A50-944A-CEAF7EA11B25}
	EndGlobalSection
EndGlobal
